github.com/likexian/gokit v0.25.10 h1:hNTOPFpgiMfCWQJkxKqaVQoR0qTu1iLc80zm5s3QskU=
github.com/likexian/gokit v0.25.10/go.mod h1:YB8W4bVK51ge7aONXa+IUtsyOAo7YhG075ZsWmQIwAo=
github.com/likexian/whois v1.14.5 h1:9cw8ljMHfc8KwGDxxeSOzD8RTzZ7CsNC8ngjUz/rM7c=
github.com/likexian/whois v1.14.5/go.mod h1:J7pC+b5CrldSfZyNDf9q3D3M44/CNXNouyZJG5j/h+Q=
github.com/likexian/whois-parser v1.24.4 h1:Bs51C5wUeLTsNGDHPcY0KMHGWUmffSW0KRURyP27ZlI=
github.com/likexian/whois-parser v1.24.4/go.mod h1:Big+6yEUFc94zBwnLYdU3PzMDASAbYc3X5+kUg24N8M=
golang.org/x/net v0.7.0 h1:rJrUqqhjsgNp7KqAIc25s9pZnjU7TUcSY7HcVZjdn1g=
golang.org/x/net v0.7.0/go.mod h1:2Tu9+aMcznHK/AK1HMvgo6xiTLG5rD5rZLDS+rp2Bjs=
golang.org/x/text v0.7.0 h1:4BRB4x83lYWy72KwLD/qYDuTu7q9PjSagHvijDw7cLo=
golang.org/x/text v0.7.0/go.mod h1:mrYo+phRRbMaCq/xk9113O4dZlRixOauAjOtrjsXDZ8=
